// !$*UTF8*$!
{
	archiveVersion = 1;
	classes = {
	};
	objectVersion = 46;
	objects = {

/* Begin PBXBuildFile section */
		AE28101A1AD35E0800CC4275 /* EventTableViewCell.swift in Sources */ = {isa = PBXBuildFile; fileRef = AE2810191AD35E0800CC4275 /* EventTableViewCell.swift */; };
		AE28101C1AD4AB8300CC4275 /* IndividualEventViewController.swift in Sources */ = {isa = PBXBuildFile; fileRef = AE28101B1AD4AB8300CC4275 /* IndividualEventViewController.swift */; };
		AE28101E1AD4AC1000CC4275 /* PhotoTableViewCell.swift in Sources */ = {isa = PBXBuildFile; fileRef = AE28101D1AD4AC1000CC4275 /* PhotoTableViewCell.swift */; };
		AE2810201AD7ECF200CC4275 /* CreateEventViewController.swift in Sources */ = {isa = PBXBuildFile; fileRef = AE28101F1AD7ECF200CC4275 /* CreateEventViewController.swift */; };
		AED0CDCD1ACCCF890049197E /* AudioToolbox.framework in Frameworks */ = {isa = PBXBuildFile; fileRef = AED0CDC21ACCCF890049197E /* AudioToolbox.framework */; };
		AED0CDCE1ACCCF890049197E /* CFNetwork.framework in Frameworks */ = {isa = PBXBuildFile; fileRef = AED0CDC31ACCCF890049197E /* CFNetwork.framework */; };
		AED0CDCF1ACCCF890049197E /* CoreGraphics.framework in Frameworks */ = {isa = PBXBuildFile; fileRef = AED0CDC41ACCCF890049197E /* CoreGraphics.framework */; };
		AED0CDD01ACCCF890049197E /* CoreLocation.framework in Frameworks */ = {isa = PBXBuildFile; fileRef = AED0CDC51ACCCF890049197E /* CoreLocation.framework */; };
		AED0CDD11ACCCF890049197E /* libsqlite3.0.dylib in Frameworks */ = {isa = PBXBuildFile; fileRef = AED0CDC61ACCCF890049197E /* libsqlite3.0.dylib */; };
		AED0CDD21ACCCF890049197E /* libz.dylib in Frameworks */ = {isa = PBXBuildFile; fileRef = AED0CDC71ACCCF890049197E /* libz.dylib */; };
		AED0CDD31ACCCF890049197E /* MobileCoreServices.framework in Frameworks */ = {isa = PBXBuildFile; fileRef = AED0CDC81ACCCF890049197E /* MobileCoreServices.framework */; };
		AED0CDD41ACCCF890049197E /* QuartzCore.framework in Frameworks */ = {isa = PBXBuildFile; fileRef = AED0CDC91ACCCF890049197E /* QuartzCore.framework */; };
		AED0CDD51ACCCF890049197E /* Security.framework in Frameworks */ = {isa = PBXBuildFile; fileRef = AED0CDCA1ACCCF890049197E /* Security.framework */; };
		AED0CDD61ACCCF890049197E /* StoreKit.framework in Frameworks */ = {isa = PBXBuildFile; fileRef = AED0CDCB1ACCCF890049197E /* StoreKit.framework */; };
		AED0CDD71ACCCF890049197E /* SystemConfiguration.framework in Frameworks */ = {isa = PBXBuildFile; fileRef = AED0CDCC1ACCCF890049197E /* SystemConfiguration.framework */; };
		AED2A0B31ADD62D60050608F /* Bolts.framework in Frameworks */ = {isa = PBXBuildFile; fileRef = AED2A0AD1ADD62D60050608F /* Bolts.framework */; };
		AED2A0B41ADD62D60050608F /* Parse.framework in Frameworks */ = {isa = PBXBuildFile; fileRef = AED2A0AE1ADD62D60050608F /* Parse.framework */; };
		AED2A0B51ADD62D60050608F /* ParseCrashReporting.framework in Frameworks */ = {isa = PBXBuildFile; fileRef = AED2A0AF1ADD62D60050608F /* ParseCrashReporting.framework */; };
		AED2A0B61ADD62D60050608F /* ParseFacebookUtils.framework in Frameworks */ = {isa = PBXBuildFile; fileRef = AED2A0B01ADD62D60050608F /* ParseFacebookUtils.framework */; };
		AED2A0B71ADD62D60050608F /* ParseFacebookUtilsV4.framework in Frameworks */ = {isa = PBXBuildFile; fileRef = AED2A0B11ADD62D60050608F /* ParseFacebookUtilsV4.framework */; };
		AED2A0B81ADD62D60050608F /* ParseUI.framework in Frameworks */ = {isa = PBXBuildFile; fileRef = AED2A0B21ADD62D60050608F /* ParseUI.framework */; };
		AEFC5C521ACE27A200C77988 /* LoginViewController.swift in Sources */ = {isa = PBXBuildFile; fileRef = AEFC5C511ACE27A200C77988 /* LoginViewController.swift */; };
		AEFC5C541ACE2FB800C77988 /* RegisterViewController.swift in Sources */ = {isa = PBXBuildFile; fileRef = AEFC5C531ACE2FB800C77988 /* RegisterViewController.swift */; };
		AEFC5C561ACE360600C77988 /* EventsViewController.swift in Sources */ = {isa = PBXBuildFile; fileRef = AEFC5C551ACE360600C77988 /* EventsViewController.swift */; };
		B19268D21A4072D80030A1E6 /* MMAlertManager.swift in Sources */ = {isa = PBXBuildFile; fileRef = B19268D11A4072D80030A1E6 /* MMAlertManager.swift */; };
		B19268D41A40734B0030A1E6 /* MMExtensions.swift in Sources */ = {isa = PBXBuildFile; fileRef = B19268D31A40734B0030A1E6 /* MMExtensions.swift */; };
		B19268D71A4073800030A1E6 /* MMkConstants.swift in Sources */ = {isa = PBXBuildFile; fileRef = B19268D61A4073800030A1E6 /* MMkConstants.swift */; };
		B19268D91A4073B50030A1E6 /* User.swift in Sources */ = {isa = PBXBuildFile; fileRef = B19268D81A4073B50030A1E6 /* User.swift */; };
		B19268DB1A4073D10030A1E6 /* Profile.swift in Sources */ = {isa = PBXBuildFile; fileRef = B19268DA1A4073D10030A1E6 /* Profile.swift */; };
		B19268DD1A4073F20030A1E6 /* Event.swift in Sources */ = {isa = PBXBuildFile; fileRef = B19268DC1A4073F20030A1E6 /* Event.swift */; };
		B19268DF1A4074250030A1E6 /* Photo.swift in Sources */ = {isa = PBXBuildFile; fileRef = B19268DE1A4074250030A1E6 /* Photo.swift */; };
		B19268E11A4074440030A1E6 /* UniversalProfile.swift in Sources */ = {isa = PBXBuildFile; fileRef = B19268E01A4074440030A1E6 /* UniversalProfile.swift */; };
		B19673ED1A407035007022AD /* AppDelegate.swift in Sources */ = {isa = PBXBuildFile; fileRef = B19673EC1A407035007022AD /* AppDelegate.swift */; };
		B19673F21A407035007022AD /* Main.storyboard in Resources */ = {isa = PBXBuildFile; fileRef = B19673F01A407035007022AD /* Main.storyboard */; };
		B19673F41A407035007022AD /* Images.xcassets in Resources */ = {isa = PBXBuildFile; fileRef = B19673F31A407035007022AD /* Images.xcassets */; };
		B19673F71A407035007022AD /* LaunchScreen.xib in Resources */ = {isa = PBXBuildFile; fileRef = B19673F51A407035007022AD /* LaunchScreen.xib */; };
		B19674031A407035007022AD /* EventsAppTests.swift in Sources */ = {isa = PBXBuildFile; fileRef = B19674021A407035007022AD /* EventsAppTests.swift */; };
/* End PBXBuildFile section */

/* Begin PBXContainerItemProxy section */
		B19673FD1A407035007022AD /* PBXContainerItemProxy */ = {
			isa = PBXContainerItemProxy;
			containerPortal = B19673DF1A407035007022AD /* Project object */;
			proxyType = 1;
			remoteGlobalIDString = B19673E61A407035007022AD;
			remoteInfo = EventsApp;
		};
/* End PBXContainerItemProxy section */

/* Begin PBXFileReference section */
		AE2810191AD35E0800CC4275 /* EventTableViewCell.swift */ = {isa = PBXFileReference; fileEncoding = 4; lastKnownFileType = sourcecode.swift; name = EventTableViewCell.swift; path = ../EventTableViewCell.swift; sourceTree = "<group>"; };
		AE28101B1AD4AB8300CC4275 /* IndividualEventViewController.swift */ = {isa = PBXFileReference; fileEncoding = 4; lastKnownFileType = sourcecode.swift; path = IndividualEventViewController.swift; sourceTree = "<group>"; };
		AE28101D1AD4AC1000CC4275 /* PhotoTableViewCell.swift */ = {isa = PBXFileReference; fileEncoding = 4; lastKnownFileType = sourcecode.swift; path = PhotoTableViewCell.swift; sourceTree = "<group>"; };
		AE28101F1AD7ECF200CC4275 /* CreateEventViewController.swift */ = {isa = PBXFileReference; fileEncoding = 4; lastKnownFileType = sourcecode.swift; path = CreateEventViewController.swift; sourceTree = "<group>"; };
		AED0CDB61ACCCEC80049197E /* Bolts.framework */ = {isa = PBXFileReference; lastKnownFileType = wrapper.framework; name = Bolts.framework; path = "../../../../../../../Downloads/parse-library-1.7.1/Bolts.framework"; sourceTree = "<group>"; };
		AED0CDB71ACCCEC80049197E /* Parse.framework */ = {isa = PBXFileReference; lastKnownFileType = wrapper.framework; name = Parse.framework; path = "../../../../../../../Downloads/parse-library-1.7.1/Parse.framework"; sourceTree = "<group>"; };
		AED0CDB81ACCCEC80049197E /* ParseCrashReporting.framework */ = {isa = PBXFileReference; lastKnownFileType = wrapper.framework; name = ParseCrashReporting.framework; path = "../../../../../../../Downloads/parse-library-1.7.1/ParseCrashReporting.framework"; sourceTree = "<group>"; };
		AED0CDB91ACCCEC80049197E /* ParseFacebookUtils.framework */ = {isa = PBXFileReference; lastKnownFileType = wrapper.framework; name = ParseFacebookUtils.framework; path = "../../../../../../../Downloads/parse-library-1.7.1/ParseFacebookUtils.framework"; sourceTree = "<group>"; };
		AED0CDBA1ACCCEC80049197E /* ParseFacebookUtilsV4.framework */ = {isa = PBXFileReference; lastKnownFileType = wrapper.framework; name = ParseFacebookUtilsV4.framework; path = "../../../../../../../Downloads/parse-library-1.7.1/ParseFacebookUtilsV4.framework"; sourceTree = "<group>"; };
		AED0CDC21ACCCF890049197E /* AudioToolbox.framework */ = {isa = PBXFileReference; lastKnownFileType = wrapper.framework; name = AudioToolbox.framework; path = System/Library/Frameworks/AudioToolbox.framework; sourceTree = SDKROOT; };
		AED0CDC31ACCCF890049197E /* CFNetwork.framework */ = {isa = PBXFileReference; lastKnownFileType = wrapper.framework; name = CFNetwork.framework; path = System/Library/Frameworks/CFNetwork.framework; sourceTree = SDKROOT; };
		AED0CDC41ACCCF890049197E /* CoreGraphics.framework */ = {isa = PBXFileReference; lastKnownFileType = wrapper.framework; name = CoreGraphics.framework; path = System/Library/Frameworks/CoreGraphics.framework; sourceTree = SDKROOT; };
		AED0CDC51ACCCF890049197E /* CoreLocation.framework */ = {isa = PBXFileReference; lastKnownFileType = wrapper.framework; name = CoreLocation.framework; path = System/Library/Frameworks/CoreLocation.framework; sourceTree = SDKROOT; };
		AED0CDC61ACCCF890049197E /* libsqlite3.0.dylib */ = {isa = PBXFileReference; lastKnownFileType = "compiled.mach-o.dylib"; name = libsqlite3.0.dylib; path = usr/lib/libsqlite3.0.dylib; sourceTree = SDKROOT; };
		AED0CDC71ACCCF890049197E /* libz.dylib */ = {isa = PBXFileReference; lastKnownFileType = "compiled.mach-o.dylib"; name = libz.dylib; path = usr/lib/libz.dylib; sourceTree = SDKROOT; };
		AED0CDC81ACCCF890049197E /* MobileCoreServices.framework */ = {isa = PBXFileReference; lastKnownFileType = wrapper.framework; name = MobileCoreServices.framework; path = System/Library/Frameworks/MobileCoreServices.framework; sourceTree = SDKROOT; };
		AED0CDC91ACCCF890049197E /* QuartzCore.framework */ = {isa = PBXFileReference; lastKnownFileType = wrapper.framework; name = QuartzCore.framework; path = System/Library/Frameworks/QuartzCore.framework; sourceTree = SDKROOT; };
		AED0CDCA1ACCCF890049197E /* Security.framework */ = {isa = PBXFileReference; lastKnownFileType = wrapper.framework; name = Security.framework; path = System/Library/Frameworks/Security.framework; sourceTree = SDKROOT; };
		AED0CDCB1ACCCF890049197E /* StoreKit.framework */ = {isa = PBXFileReference; lastKnownFileType = wrapper.framework; name = StoreKit.framework; path = System/Library/Frameworks/StoreKit.framework; sourceTree = SDKROOT; };
		AED0CDCC1ACCCF890049197E /* SystemConfiguration.framework */ = {isa = PBXFileReference; lastKnownFileType = wrapper.framework; name = SystemConfiguration.framework; path = System/Library/Frameworks/SystemConfiguration.framework; sourceTree = SDKROOT; };
		AED2A0AD1ADD62D60050608F /* Bolts.framework */ = {isa = PBXFileReference; lastKnownFileType = wrapper.framework; name = Bolts.framework; path = "../parse-library-1.7.1/Bolts.framework"; sourceTree = "<group>"; };
		AED2A0AE1ADD62D60050608F /* Parse.framework */ = {isa = PBXFileReference; lastKnownFileType = wrapper.framework; name = Parse.framework; path = "../parse-library-1.7.1/Parse.framework"; sourceTree = "<group>"; };
		AED2A0AF1ADD62D60050608F /* ParseCrashReporting.framework */ = {isa = PBXFileReference; lastKnownFileType = wrapper.framework; name = ParseCrashReporting.framework; path = "../parse-library-1.7.1/ParseCrashReporting.framework"; sourceTree = "<group>"; };
		AED2A0B01ADD62D60050608F /* ParseFacebookUtils.framework */ = {isa = PBXFileReference; lastKnownFileType = wrapper.framework; name = ParseFacebookUtils.framework; path = "../parse-library-1.7.1/ParseFacebookUtils.framework"; sourceTree = "<group>"; };
		AED2A0B11ADD62D60050608F /* ParseFacebookUtilsV4.framework */ = {isa = PBXFileReference; lastKnownFileType = wrapper.framework; name = ParseFacebookUtilsV4.framework; path = "../parse-library-1.7.1/ParseFacebookUtilsV4.framework"; sourceTree = "<group>"; };
		AED2A0B21ADD62D60050608F /* ParseUI.framework */ = {isa = PBXFileReference; lastKnownFileType = wrapper.framework; name = ParseUI.framework; path = "../parse-library-1.7.1/ParseUI.framework"; sourceTree = "<group>"; };
		AEFC5C431ACDB28600C77988 /* Parse.framework */ = {isa = PBXFileReference; lastKnownFileType = wrapper.framework; name = Parse.framework; path = "../../../../../../../Downloads/parse-library-1.7.1 (1)/Parse.framework"; sourceTree = "<group>"; };
		AEFC5C511ACE27A200C77988 /* LoginViewController.swift */ = {isa = PBXFileReference; fileEncoding = 4; lastKnownFileType = sourcecode.swift; path = LoginViewController.swift; sourceTree = "<group>"; };
		AEFC5C531ACE2FB800C77988 /* RegisterViewController.swift */ = {isa = PBXFileReference; fileEncoding = 4; lastKnownFileType = sourcecode.swift; path = RegisterViewController.swift; sourceTree = "<group>"; };
		AEFC5C551ACE360600C77988 /* EventsViewController.swift */ = {isa = PBXFileReference; fileEncoding = 4; lastKnownFileType = sourcecode.swift; path = EventsViewController.swift; sourceTree = "<group>"; };
		B19268D11A4072D80030A1E6 /* MMAlertManager.swift */ = {isa = PBXFileReference; fileEncoding = 4; lastKnownFileType = sourcecode.swift; path = MMAlertManager.swift; sourceTree = "<group>"; };
		B19268D31A40734B0030A1E6 /* MMExtensions.swift */ = {isa = PBXFileReference; fileEncoding = 4; lastKnownFileType = sourcecode.swift; path = MMExtensions.swift; sourceTree = "<group>"; };
		B19268D61A4073800030A1E6 /* MMkConstants.swift */ = {isa = PBXFileReference; fileEncoding = 4; lastKnownFileType = sourcecode.swift; path = MMkConstants.swift; sourceTree = "<group>"; };
		B19268D81A4073B50030A1E6 /* User.swift */ = {isa = PBXFileReference; fileEncoding = 4; lastKnownFileType = sourcecode.swift; path = User.swift; sourceTree = "<group>"; };
		B19268DA1A4073D10030A1E6 /* Profile.swift */ = {isa = PBXFileReference; fileEncoding = 4; lastKnownFileType = sourcecode.swift; path = Profile.swift; sourceTree = "<group>"; };
		B19268DC1A4073F20030A1E6 /* Event.swift */ = {isa = PBXFileReference; fileEncoding = 4; lastKnownFileType = sourcecode.swift; path = Event.swift; sourceTree = "<group>"; };
		B19268DE1A4074250030A1E6 /* Photo.swift */ = {isa = PBXFileReference; fileEncoding = 4; lastKnownFileType = sourcecode.swift; path = Photo.swift; sourceTree = "<group>"; };
		B19268E01A4074440030A1E6 /* UniversalProfile.swift */ = {isa = PBXFileReference; fileEncoding = 4; lastKnownFileType = sourcecode.swift; path = UniversalProfile.swift; sourceTree = "<group>"; };
		B19673E71A407035007022AD /* EventsApp.app */ = {isa = PBXFileReference; explicitFileType = wrapper.application; includeInIndex = 0; path = EventsApp.app; sourceTree = BUILT_PRODUCTS_DIR; };
		B19673EB1A407035007022AD /* Info.plist */ = {isa = PBXFileReference; lastKnownFileType = text.plist.xml; path = Info.plist; sourceTree = "<group>"; };
		B19673EC1A407035007022AD /* AppDelegate.swift */ = {isa = PBXFileReference; lastKnownFileType = sourcecode.swift; path = AppDelegate.swift; sourceTree = "<group>"; };
		B19673F11A407035007022AD /* Base */ = {isa = PBXFileReference; lastKnownFileType = file.storyboard; name = Base; path = Base.lproj/Main.storyboard; sourceTree = "<group>"; };
		B19673F31A407035007022AD /* Images.xcassets */ = {isa = PBXFileReference; lastKnownFileType = folder.assetcatalog; path = Images.xcassets; sourceTree = "<group>"; };
		B19673F61A407035007022AD /* Base */ = {isa = PBXFileReference; lastKnownFileType = file.xib; name = Base; path = Base.lproj/LaunchScreen.xib; sourceTree = "<group>"; };
		B19673FC1A407035007022AD /* EventsAppTests.xctest */ = {isa = PBXFileReference; explicitFileType = wrapper.cfbundle; includeInIndex = 0; path = EventsAppTests.xctest; sourceTree = BUILT_PRODUCTS_DIR; };
		B19674011A407035007022AD /* Info.plist */ = {isa = PBXFileReference; lastKnownFileType = text.plist.xml; path = Info.plist; sourceTree = "<group>"; };
		B19674021A407035007022AD /* EventsAppTests.swift */ = {isa = PBXFileReference; lastKnownFileType = sourcecode.swift; path = EventsAppTests.swift; sourceTree = "<group>"; };
		B19CF07A1A4082D900925FAF /* EventsApp-Bridging-Header.h */ = {isa = PBXFileReference; lastKnownFileType = sourcecode.c.h; path = "EventsApp-Bridging-Header.h"; sourceTree = "<group>"; };
/* End PBXFileReference section */

/* Begin PBXFrameworksBuildPhase section */
		B19673E41A407035007022AD /* Frameworks */ = {
			isa = PBXFrameworksBuildPhase;
			buildActionMask = 2147483647;
			files = (
				AED0CDCD1ACCCF890049197E /* AudioToolbox.framework in Frameworks */,
				AED0CDCE1ACCCF890049197E /* CFNetwork.framework in Frameworks */,
				AED0CDCF1ACCCF890049197E /* CoreGraphics.framework in Frameworks */,
				AED0CDD01ACCCF890049197E /* CoreLocation.framework in Frameworks */,
				AED0CDD11ACCCF890049197E /* libsqlite3.0.dylib in Frameworks */,
				AED0CDD21ACCCF890049197E /* libz.dylib in Frameworks */,
				AED0CDD31ACCCF890049197E /* MobileCoreServices.framework in Frameworks */,
				AED0CDD41ACCCF890049197E /* QuartzCore.framework in Frameworks */,
				AED0CDD51ACCCF890049197E /* Security.framework in Frameworks */,
				AED0CDD61ACCCF890049197E /* StoreKit.framework in Frameworks */,
				AED0CDD71ACCCF890049197E /* SystemConfiguration.framework in Frameworks */,
				AED2A0B31ADD62D60050608F /* Bolts.framework in Frameworks */,
				AED2A0B41ADD62D60050608F /* Parse.framework in Frameworks */,
				AED2A0B51ADD62D60050608F /* ParseCrashReporting.framework in Frameworks */,
				AED2A0B61ADD62D60050608F /* ParseFacebookUtils.framework in Frameworks */,
				AED2A0B71ADD62D60050608F /* ParseFacebookUtilsV4.framework in Frameworks */,
				AED2A0B81ADD62D60050608F /* ParseUI.framework in Frameworks */,
			);
			runOnlyForDeploymentPostprocessing = 0;
		};
		B19673F91A407035007022AD /* Frameworks */ = {
			isa = PBXFrameworksBuildPhase;
			buildActionMask = 2147483647;
			files = (
			);
			runOnlyForDeploymentPostprocessing = 0;
		};
/* End PBXFrameworksBuildPhase section */

/* Begin PBXGroup section */
		AED0CDD81ACCCFFD0049197E /* Frameworks */ = {
			isa = PBXGroup;
			children = (
				AEFC5C431ACDB28600C77988 /* Parse.framework */,
				AED0CDC21ACCCF890049197E /* AudioToolbox.framework */,
				AED0CDC31ACCCF890049197E /* CFNetwork.framework */,
				AED0CDC41ACCCF890049197E /* CoreGraphics.framework */,
				AED0CDC51ACCCF890049197E /* CoreLocation.framework */,
				AED0CDC61ACCCF890049197E /* libsqlite3.0.dylib */,
				AED0CDC71ACCCF890049197E /* libz.dylib */,
				AED0CDC81ACCCF890049197E /* MobileCoreServices.framework */,
				AED0CDC91ACCCF890049197E /* QuartzCore.framework */,
				AED0CDCA1ACCCF890049197E /* Security.framework */,
				AED0CDCB1ACCCF890049197E /* StoreKit.framework */,
				AED0CDCC1ACCCF890049197E /* SystemConfiguration.framework */,
				AED0CDB61ACCCEC80049197E /* Bolts.framework */,
				AED0CDB71ACCCEC80049197E /* Parse.framework */,
				AED0CDB81ACCCEC80049197E /* ParseCrashReporting.framework */,
				AED0CDB91ACCCEC80049197E /* ParseFacebookUtils.framework */,
				AED0CDBA1ACCCEC80049197E /* ParseFacebookUtilsV4.framework */,
			);
			name = Frameworks;
			path = ..;
			sourceTree = "<group>";
		};
		B19268D51A4073670030A1E6 /* Utilities */ = {
			isa = PBXGroup;
			children = (
				B19268D11A4072D80030A1E6 /* MMAlertManager.swift */,
				B19268D31A40734B0030A1E6 /* MMExtensions.swift */,
				B19268D61A4073800030A1E6 /* MMkConstants.swift */,
				B19CF07A1A4082D900925FAF /* EventsApp-Bridging-Header.h */,
			);
			name = Utilities;
			sourceTree = "<group>";
		};
		B19268E21A4075990030A1E6 /* Model Data */ = {
			isa = PBXGroup;
			children = (
				B19268D81A4073B50030A1E6 /* User.swift */,
				B19268DA1A4073D10030A1E6 /* Profile.swift */,
				B19268DC1A4073F20030A1E6 /* Event.swift */,
				B19268DE1A4074250030A1E6 /* Photo.swift */,
				B19268E01A4074440030A1E6 /* UniversalProfile.swift */,
			);
			name = "Model Data";
			sourceTree = "<group>";
		};
		B19673DE1A407035007022AD = {
			isa = PBXGroup;
			children = (
				AED2A0AD1ADD62D60050608F /* Bolts.framework */,
				AED2A0AE1ADD62D60050608F /* Parse.framework */,
				AED2A0AF1ADD62D60050608F /* ParseCrashReporting.framework */,
				AED2A0B01ADD62D60050608F /* ParseFacebookUtils.framework */,
				AED2A0B11ADD62D60050608F /* ParseFacebookUtilsV4.framework */,
				AED2A0B21ADD62D60050608F /* ParseUI.framework */,
				B19673E91A407035007022AD /* EventsApp */,
				B19673FF1A407035007022AD /* EventsAppTests */,
				B19673E81A407035007022AD /* Products */,
			);
			sourceTree = "<group>";
		};
		B19673E81A407035007022AD /* Products */ = {
			isa = PBXGroup;
			children = (
				B19673E71A407035007022AD /* EventsApp.app */,
				B19673FC1A407035007022AD /* EventsAppTests.xctest */,
			);
			name = Products;
			sourceTree = "<group>";
		};
		B19673E91A407035007022AD /* EventsApp */ = {
			isa = PBXGroup;
			children = (
				B19673EC1A407035007022AD /* AppDelegate.swift */,
				B19268E21A4075990030A1E6 /* Model Data */,
				B19268D51A4073670030A1E6 /* Utilities */,
				B19673F01A407035007022AD /* Main.storyboard */,
				AEFC5C531ACE2FB800C77988 /* RegisterViewController.swift */,
				AEFC5C511ACE27A200C77988 /* LoginViewController.swift */,
				AEFC5C551ACE360600C77988 /* EventsViewController.swift */,
				AE2810191AD35E0800CC4275 /* EventTableViewCell.swift */,
				AE28101F1AD7ECF200CC4275 /* CreateEventViewController.swift */,
				AE28101B1AD4AB8300CC4275 /* IndividualEventViewController.swift */,
				AE28101D1AD4AC1000CC4275 /* PhotoTableViewCell.swift */,
				B19673F31A407035007022AD /* Images.xcassets */,
				B19673F51A407035007022AD /* LaunchScreen.xib */,
				B19673EA1A407035007022AD /* Supporting Files */,
			);
			path = EventsApp;
			sourceTree = "<group>";
		};
		B19673EA1A407035007022AD /* Supporting Files */ = {
			isa = PBXGroup;
			children = (
				B19673EB1A407035007022AD /* Info.plist */,
				AED0CDD81ACCCFFD0049197E /* Frameworks */,
			);
			name = "Supporting Files";
			sourceTree = "<group>";
		};
		B19673FF1A407035007022AD /* EventsAppTests */ = {
			isa = PBXGroup;
			children = (
				B19674021A407035007022AD /* EventsAppTests.swift */,
				B19674001A407035007022AD /* Supporting Files */,
			);
			path = EventsAppTests;
			sourceTree = "<group>";
		};
		B19674001A407035007022AD /* Supporting Files */ = {
			isa = PBXGroup;
			children = (
				B19674011A407035007022AD /* Info.plist */,
			);
			name = "Supporting Files";
			sourceTree = "<group>";
		};
/* End PBXGroup section */

/* Begin PBXNativeTarget section */
		B19673E61A407035007022AD /* EventsApp */ = {
			isa = PBXNativeTarget;
			buildConfigurationList = B19674061A407035007022AD /* Build configuration list for PBXNativeTarget "EventsApp" */;
			buildPhases = (
				B19673E31A407035007022AD /* Sources */,
				B19673E41A407035007022AD /* Frameworks */,
				B19673E51A407035007022AD /* Resources */,
			);
			buildRules = (
			);
			dependencies = (
			);
			name = EventsApp;
			productName = EventsApp;
			productReference = B19673E71A407035007022AD /* EventsApp.app */;
			productType = "com.apple.product-type.application";
		};
		B19673FB1A407035007022AD /* EventsAppTests */ = {
			isa = PBXNativeTarget;
			buildConfigurationList = B19674091A407035007022AD /* Build configuration list for PBXNativeTarget "EventsAppTests" */;
			buildPhases = (
				B19673F81A407035007022AD /* Sources */,
				B19673F91A407035007022AD /* Frameworks */,
				B19673FA1A407035007022AD /* Resources */,
			);
			buildRules = (
			);
			dependencies = (
				B19673FE1A407035007022AD /* PBXTargetDependency */,
			);
			name = EventsAppTests;
			productName = EventsAppTests;
			productReference = B19673FC1A407035007022AD /* EventsAppTests.xctest */;
			productType = "com.apple.product-type.bundle.unit-test";
		};
/* End PBXNativeTarget section */

/* Begin PBXProject section */
		B19673DF1A407035007022AD /* Project object */ = {
			isa = PBXProject;
			attributes = {
				LastUpgradeCheck = 0610;
				ORGANIZATIONNAME = MobileMakers;
				TargetAttributes = {
					B19673E61A407035007022AD = {
						CreatedOnToolsVersion = 6.1;
					};
					B19673FB1A407035007022AD = {
						CreatedOnToolsVersion = 6.1;
						TestTargetID = B19673E61A407035007022AD;
					};
				};
			};
			buildConfigurationList = B19673E21A407035007022AD /* Build configuration list for PBXProject "EventsApp" */;
			compatibilityVersion = "Xcode 3.2";
			developmentRegion = English;
			hasScannedForEncodings = 0;
			knownRegions = (
				en,
				Base,
			);
			mainGroup = B19673DE1A407035007022AD;
			productRefGroup = B19673E81A407035007022AD /* Products */;
			projectDirPath = "";
			projectRoot = "";
			targets = (
				B19673E61A407035007022AD /* EventsApp */,
				B19673FB1A407035007022AD /* EventsAppTests */,
			);
		};
/* End PBXProject section */

/* Begin PBXResourcesBuildPhase section */
		B19673E51A407035007022AD /* Resources */ = {
			isa = PBXResourcesBuildPhase;
			buildActionMask = 2147483647;
			files = (
				B19673F21A407035007022AD /* Main.storyboard in Resources */,
				B19673F71A407035007022AD /* LaunchScreen.xib in Resources */,
				B19673F41A407035007022AD /* Images.xcassets in Resources */,
			);
			runOnlyForDeploymentPostprocessing = 0;
		};
		B19673FA1A407035007022AD /* Resources */ = {
			isa = PBXResourcesBuildPhase;
			buildActionMask = 2147483647;
			files = (
			);
			runOnlyForDeploymentPostprocessing = 0;
		};
/* End PBXResourcesBuildPhase section */

/* Begin PBXSourcesBuildPhase section */
		B19673E31A407035007022AD /* Sources */ = {
			isa = PBXSourcesBuildPhase;
			buildActionMask = 2147483647;
			files = (
				B19268DF1A4074250030A1E6 /* Photo.swift in Sources */,
				AEFC5C541ACE2FB800C77988 /* RegisterViewController.swift in Sources */,
				B19268E11A4074440030A1E6 /* UniversalProfile.swift in Sources */,
				B19268D21A4072D80030A1E6 /* MMAlertManager.swift in Sources */,
				AE28101A1AD35E0800CC4275 /* EventTableViewCell.swift in Sources */,
				AE28101E1AD4AC1000CC4275 /* PhotoTableViewCell.swift in Sources */,
				B19268DB1A4073D10030A1E6 /* Profile.swift in Sources */,
				AEFC5C561ACE360600C77988 /* EventsViewController.swift in Sources */,
				B19673ED1A407035007022AD /* AppDelegate.swift in Sources */,
				B19268D41A40734B0030A1E6 /* MMExtensions.swift in Sources */,
				B19268D91A4073B50030A1E6 /* User.swift in Sources */,
				AE28101C1AD4AB8300CC4275 /* IndividualEventViewController.swift in Sources */,
				B19268DD1A4073F20030A1E6 /* Event.swift in Sources */,
				AEFC5C521ACE27A200C77988 /* LoginViewController.swift in Sources */,
				B19268D71A4073800030A1E6 /* MMkConstants.swift in Sources */,
				AE2810201AD7ECF200CC4275 /* CreateEventViewController.swift in Sources */,
			);
			runOnlyForDeploymentPostprocessing = 0;
		};
		B19673F81A407035007022AD /* Sources */ = {
			isa = PBXSourcesBuildPhase;
			buildActionMask = 2147483647;
			files = (
				B19674031A407035007022AD /* EventsAppTests.swift in Sources */,
			);
			runOnlyForDeploymentPostprocessing = 0;
		};
/* End PBXSourcesBuildPhase section */

/* Begin PBXTargetDependency section */
		B19673FE1A407035007022AD /* PBXTargetDependency */ = {
			isa = PBXTargetDependency;
			target = B19673E61A407035007022AD /* EventsApp */;
			targetProxy = B19673FD1A407035007022AD /* PBXContainerItemProxy */;
		};
/* End PBXTargetDependency section */

/* Begin PBXVariantGroup section */
		B19673F01A407035007022AD /* Main.storyboard */ = {
			isa = PBXVariantGroup;
			children = (
				B19673F11A407035007022AD /* Base */,
			);
			name = Main.storyboard;
			sourceTree = "<group>";
		};
		B19673F51A407035007022AD /* LaunchScreen.xib */ = {
			isa = PBXVariantGroup;
			children = (
				B19673F61A407035007022AD /* Base */,
			);
			name = LaunchScreen.xib;
			sourceTree = "<group>";
		};
/* End PBXVariantGroup section */

/* Begin XCBuildConfiguration section */
		B19674041A407035007022AD /* Debug */ = {
			isa = XCBuildConfiguration;
			buildSettings = {
				ALWAYS_SEARCH_USER_PATHS = NO;
				CLANG_CXX_LANGUAGE_STANDARD = "gnu++0x";
				CLANG_CXX_LIBRARY = "libc++";
				CLANG_ENABLE_MODULES = YES;
				CLANG_ENABLE_OBJC_ARC = YES;
				CLANG_WARN_BOOL_CONVERSION = YES;
				CLANG_WARN_CONSTANT_CONVERSION = YES;
				CLANG_WARN_DIRECT_OBJC_ISA_USAGE = YES_ERROR;
				CLANG_WARN_EMPTY_BODY = YES;
				CLANG_WARN_ENUM_CONVERSION = YES;
				CLANG_WARN_INT_CONVERSION = YES;
				CLANG_WARN_OBJC_ROOT_CLASS = YES_ERROR;
				CLANG_WARN_UNREACHABLE_CODE = YES;
				CLANG_WARN__DUPLICATE_METHOD_MATCH = YES;
				"CODE_SIGN_IDENTITY[sdk=iphoneos*]" = "iPhone Developer";
				COPY_PHASE_STRIP = NO;
				ENABLE_STRICT_OBJC_MSGSEND = YES;
				GCC_C_LANGUAGE_STANDARD = gnu99;
				GCC_DYNAMIC_NO_PIC = NO;
				GCC_OPTIMIZATION_LEVEL = 0;
				GCC_PREPROCESSOR_DEFINITIONS = (
					"DEBUG=1",
					"$(inherited)",
				);
				GCC_SYMBOLS_PRIVATE_EXTERN = NO;
				GCC_WARN_64_TO_32_BIT_CONVERSION = YES;
				GCC_WARN_ABOUT_RETURN_TYPE = YES_ERROR;
				GCC_WARN_UNDECLARED_SELECTOR = YES;
				GCC_WARN_UNINITIALIZED_AUTOS = YES_AGGRESSIVE;
				GCC_WARN_UNUSED_FUNCTION = YES;
				GCC_WARN_UNUSED_VARIABLE = YES;
				IPHONEOS_DEPLOYMENT_TARGET = 8.1;
				MTL_ENABLE_DEBUG_INFO = YES;
				ONLY_ACTIVE_ARCH = YES;
				SDKROOT = iphoneos;
				SWIFT_OPTIMIZATION_LEVEL = "-Onone";
			};
			name = Debug;
		};
		B19674051A407035007022AD /* Release */ = {
			isa = XCBuildConfiguration;
			buildSettings = {
				ALWAYS_SEARCH_USER_PATHS = NO;
				CLANG_CXX_LANGUAGE_STANDARD = "gnu++0x";
				CLANG_CXX_LIBRARY = "libc++";
				CLANG_ENABLE_MODULES = YES;
				CLANG_ENABLE_OBJC_ARC = YES;
				CLANG_WARN_BOOL_CONVERSION = YES;
				CLANG_WARN_CONSTANT_CONVERSION = YES;
				CLANG_WARN_DIRECT_OBJC_ISA_USAGE = YES_ERROR;
				CLANG_WARN_EMPTY_BODY = YES;
				CLANG_WARN_ENUM_CONVERSION = YES;
				CLANG_WARN_INT_CONVERSION = YES;
				CLANG_WARN_OBJC_ROOT_CLASS = YES_ERROR;
				CLANG_WARN_UNREACHABLE_CODE = YES;
				CLANG_WARN__DUPLICATE_METHOD_MATCH = YES;
				"CODE_SIGN_IDENTITY[sdk=iphoneos*]" = "iPhone Developer";
				COPY_PHASE_STRIP = YES;
				ENABLE_NS_ASSERTIONS = NO;
				ENABLE_STRICT_OBJC_MSGSEND = YES;
				GCC_C_LANGUAGE_STANDARD = gnu99;
				GCC_WARN_64_TO_32_BIT_CONVERSION = YES;
				GCC_WARN_ABOUT_RETURN_TYPE = YES_ERROR;
				GCC_WARN_UNDECLARED_SELECTOR = YES;
				GCC_WARN_UNINITIALIZED_AUTOS = YES_AGGRESSIVE;
				GCC_WARN_UNUSED_FUNCTION = YES;
				GCC_WARN_UNUSED_VARIABLE = YES;
				IPHONEOS_DEPLOYMENT_TARGET = 8.1;
				MTL_ENABLE_DEBUG_INFO = NO;
				SDKROOT = iphoneos;
				VALIDATE_PRODUCT = YES;
			};
			name = Release;
		};
		B19674071A407035007022AD /* Debug */ = {
			isa = XCBuildConfiguration;
			buildSettings = {
				ASSETCATALOG_COMPILER_APPICON_NAME = AppIcon;
				CLANG_ENABLE_MODULES = YES;
				FRAMEWORK_SEARCH_PATHS = (
					"$(inherited)",
					"/Users/teacher/Downloads/parse-library-1.7.1",
					"/Users/teacher/Downloads/parse-library-1.7.1",
					"(1)",
					"/Users/teacher/Desktop/parse-library-1.7.1",
				);
				INFOPLIST_FILE = EventsApp/Info.plist;
				LD_RUNPATH_SEARCH_PATHS = "$(inherited) @executable_path/Frameworks";
				PRODUCT_NAME = "$(TARGET_NAME)";
				SWIFT_OBJC_BRIDGING_HEADER = "EventsApp/EventsApp-Bridging-Header.h";
				SWIFT_OPTIMIZATION_LEVEL = "-Onone";
			};
			name = Debug;
		};
		B19674081A407035007022AD /* Release */ = {
			isa = XCBuildConfiguration;
			buildSettings = {
				ASSETCATALOG_COMPILER_APPICON_NAME = AppIcon;
				CLANG_ENABLE_MODULES = YES;
				FRAMEWORK_SEARCH_PATHS = (
					"$(inherited)",
					"/Users/teacher/Downloads/parse-library-1.7.1",
					"/Users/teacher/Downloads/parse-library-1.7.1",
					"(1)",
					"/Users/teacher/Desktop/parse-library-1.7.1",
				);
				INFOPLIST_FILE = EventsApp/Info.plist;
				LD_RUNPATH_SEARCH_PATHS = "$(inherited) @executable_path/Frameworks";
				PRODUCT_NAME = "$(TARGET_NAME)";
				SWIFT_OBJC_BRIDGING_HEADER = "EventsApp/EventsApp-Bridging-Header.h";
			};
			name = Release;
		};
		B196740A1A407035007022AD /* Debug */ = {
			isa = XCBuildConfiguration;
			buildSettings = {
				BUNDLE_LOADER = "$(TEST_HOST)";
				FRAMEWORK_SEARCH_PATHS = (
					"$(SDKROOT)/Developer/Library/Frameworks",
					"$(inherited)",
				);
				GCC_PREPROCESSOR_DEFINITIONS = (
					"DEBUG=1",
					"$(inherited)",
				);
				INFOPLIST_FILE = EventsAppTests/Info.plist;
				LD_RUNPATH_SEARCH_PATHS = "$(inherited) @executable_path/Frameworks @loader_path/Frameworks";
				PRODUCT_NAME = "$(TARGET_NAME)";
				TEST_HOST = "$(BUILT_PRODUCTS_DIR)/EventsApp.app/EventsApp";
			};
			name = Debug;
		};
		B196740B1A407035007022AD /* Release */ = {
			isa = XCBuildConfiguration;
			buildSettings = {
				BUNDLE_LOADER = "$(TEST_HOST)";
				FRAMEWORK_SEARCH_PATHS = (
					"$(SDKROOT)/Developer/Library/Frameworks",
					"$(inherited)",
				);
				INFOPLIST_FILE = EventsAppTests/Info.plist;
				LD_RUNPATH_SEARCH_PATHS = "$(inherited) @executable_path/Frameworks @loader_path/Frameworks";
				PRODUCT_NAME = "$(TARGET_NAME)";
				TEST_HOST = "$(BUILT_PRODUCTS_DIR)/EventsApp.app/EventsApp";
			};
			name = Release;
		};
/* End XCBuildConfiguration section */

/* Begin XCConfigurationList section */
		B19673E21A407035007022AD /* Build configuration list for PBXProject "EventsApp" */ = {
			isa = XCConfigurationList;
			buildConfigurations = (
				B19674041A407035007022AD /* Debug */,
				B19674051A407035007022AD /* Release */,
			);
			defaultConfigurationIsVisible = 0;
			defaultConfigurationName = Release;
		};
		B19674061A407035007022AD /* Build configuration list for PBXNativeTarget "EventsApp" */ = {
			isa = XCConfigurationList;
			buildConfigurations = (
				B19674071A407035007022AD /* Debug */,
				B19674081A407035007022AD /* Release */,
			);
			defaultConfigurationIsVisible = 0;
			defaultConfigurationName = Release;
		};
		B19674091A407035007022AD /* Build configuration list for PBXNativeTarget "EventsAppTests" */ = {
			isa = XCConfigurationList;
			buildConfigurations = (
				B196740A1A407035007022AD /* Debug */,
				B196740B1A407035007022AD /* Release */,
			);
			defaultConfigurationIsVisible = 0;
			defaultConfigurationName = Release;
		};
/* End XCConfigurationList section */
	};
	rootObject = B19673DF1A407035007022AD /* Project object */;
}
